
Microsoft Visual Studio Solution File, Format Version 12.00
# Visual Studio Version 17
VisualStudioVersion = 17.1.32228.430
MinimumVisualStudioVersion = 10.0.40219.1
Project("{FAE04EC0-301F-11D3-BF4B-00C04F79EFBC}") = "MultiActions", "MultiActions\MultiActions.csproj", "{7E7EB9FD-8060-4A9A-AE3A-03DD6DE52E2C}"
EndProject
Project("{2150E333-8FDC-42A3-9474-1A3956D46DE8}") = "modules", "modules", "{88067B69-507A-4D45-A2C2-275EFBE60871}"
EndProject
Project("{9A19103F-16F7-4668-BE54-9A1E7A4F7556}") = "ActionMenuApi", "ActionMenuApi\ActionMenuApi.csproj", "{19D1CB2D-4785-4CDB-9718-50B591B895A8}"
EndProject
Global
	GlobalSection(SolutionConfigurationPlatforms) = preSolution
		Debug|Any CPU = Debug|Any CPU
		Release|Any CPU = Release|Any CPU
	EndGlobalSection
	GlobalSection(ProjectConfigurationPlatforms) = postSolution
		{7E7EB9FD-8060-4A9A-AE3A-03DD6DE52E2C}.Debug|Any CPU.ActiveCfg = Debug|Any CPU
		{7E7EB9FD-8060-4A9A-AE3A-03DD6DE52E2C}.Debug|Any CPU.Build.0 = Debug|Any CPU
		{7E7EB9FD-8060-4A9A-AE3A-03DD6DE52E2C}.Release|Any CPU.ActiveCfg = Release|Any CPU
		{7E7EB9FD-8060-4A9A-AE3A-03DD6DE52E2C}.Release|Any CPU.Build.0 = Release|Any CPU
		{19D1CB2D-4785-4CDB-9718-50B591B895A8}.Debug|Any CPU.ActiveCfg = Debug|Any CPU
		{19D1CB2D-4785-4CDB-9718-50B591B895A8}.Debug|Any CPU.Build.0 = Debug|Any CPU
		{19D1CB2D-4785-4CDB-9718-50B591B895A8}.Release|Any CPU.ActiveCfg = Release|Any CPU
		{19D1CB2D-4785-4CDB-9718-50B591B895A8}.Release|Any CPU.Build.0 = Release|Any CPU
	EndGlobalSection
	GlobalSection(SolutionProperties) = preSolution
		HideSolutionNode = FALSE
	EndGlobalSection
	GlobalSection(NestedProjects) = preSolution
		{19D1CB2D-4785-4CDB-9718-50B591B895A8} = {88067B69-507A-4D45-A2C2-275EFBE60871}
	EndGlobalSection
	GlobalSection(ExtensibilityGlobals) = postSolution
		SolutionGuid = {A48503F4-6CBB-4E8D-965C-DC27F0CFC660}
	EndGlobalSection
EndGlobal
